
Microsoft Visual Studio Solution File, Format Version 12.00
Project("{FAE04EC0-301F-11D3-BF4B-00C04F79EFBC}") = "ConsoleApplication", "ConsoleApplication\ConsoleApplication.csproj", "{CFF7EBE2-CB3C-4661-BB3B-74CD917DCEE0}"
EndProject
Global
	GlobalSection(SolutionConfigurationPlatforms) = preSolution
		Debug|Any CPU = Debug|Any CPU
		Release|Any CPU = Release|Any CPU
	EndGlobalSection
	GlobalSection(ProjectConfigurationPlatforms) = postSolution
		{CFF7EBE2-CB3C-4661-BB3B-74CD917DCEE0}.Debug|Any CPU.ActiveCfg = Debug|Any CPU
		{CFF7EBE2-CB3C-4661-BB3B-74CD917DCEE0}.Debug|Any CPU.Build.0 = Debug|Any CPU
		{CFF7EBE2-CB3C-4661-BB3B-74CD917DCEE0}.Release|Any CPU.ActiveCfg = Release|Any CPU
		{CFF7EBE2-CB3C-4661-BB3B-74CD917DCEE0}.Release|Any CPU.Build.0 = Release|Any CPU
	EndGlobalSection
EndGlobal
